Microsoft Visual Studio Solution File, Format Version 12.00
# Visual Studio Version 17
VisualStudioVersion = 17.0.31521.260
MinimumVisualStudioVersion = 10.0.40219.1
Project("{9A19103F-16F7-4668-BE54-9A1E7A4F7556}") = "Modix.Bot", "src\Modix.Bot\Modix.Bot.csproj", "{9BBC702D-F919-4482-BF6C-0FC8EA2740C4}"
EndProject
Project("{9A19103F-16F7-4668-BE54-9A1E7A4F7556}") = "Modix.Data", "src\Modix.Data\Modix.Data.csproj", "{7DE6DD27-4450-4FA5-8C93-40709FBD8870}"
EndProject
Project("{9A19103F-16F7-4668-BE54-9A1E7A4F7556}") = "Modix.Services", "src\Modix.Services\Modix.Services.csproj", "{2FC1AE5D-D71E-4DBF-839C-0A7761032064}"
EndProject
Project("{9A19103F-16F7-4668-BE54-9A1E7A4F7556}") = "Modix.Data.Test", "test\Modix.Data.Test\Modix.Data.Test.csproj", "{E8C7267F-5BC3-4A13-B5EF-60DC1B0E919F}"
	ProjectSection(ProjectDependencies) = postProject
		{7DE6DD27-4450-4FA5-8C93-40709FBD8870} = {7DE6DD27-4450-4FA5-8C93-40709FBD8870}
	EndProjectSection
EndProject
Project("{2150E333-8FDC-42A3-9474-1A3956D46DE8}") = "Solution Items", "Solution Items", "{23DA774D-7AE9-48C1-A261-F27D15A07858}"
	ProjectSection(SolutionItems) = preProject
		.editorconfig = .editorconfig
		Directory.Build.props = Directory.Build.props
		Directory.Build.targets = Directory.Build.targets
		docker-stack.yml = docker-stack.yml
		Dockerfile = Dockerfile
		readme.md = readme.md
	EndProjectSection
EndProject
Project("{9A19103F-16F7-4668-BE54-9A1E7A4F7556}") = "Modix", "src\Modix\Modix.csproj", "{C4BE4089-0983-464F-9D76-EE9BD2B708DD}"
EndProject
Project("{9A19103F-16F7-4668-BE54-9A1E7A4F7556}") = "Modix.Services.Test", "test\Modix.Services.Test\Modix.Services.Test.csproj", "{D9BFC7C7-10B2-4D61-99EA-79805074CCD7}"
EndProject
Project("{9A19103F-16F7-4668-BE54-9A1E7A4F7556}") = "Modix.Common", "src\Modix.Common\Modix.Common.csproj", "{575B80E6-56E5-4E9A-94EE-ADEB3A1A9FC0}"
EndProject
Project("{9A19103F-16F7-4668-BE54-9A1E7A4F7556}") = "Modix.Common.Test", "test\Modix.Common.Test\Modix.Common.Test.csproj", "{4F9BDC85-B8B2-4AC5-99BC-1F2F0CF80016}"
EndProject
Project("{9A19103F-16F7-4668-BE54-9A1E7A4F7556}") = "Modix.Bot.Test", "test\Modix.Bot.Test\Modix.Bot.Test.csproj", "{E9D29AA9-1B7D-4A90-839A-2E8665A8714F}"
EndProject
Project("{2150E333-8FDC-42A3-9474-1A3956D46DE8}") = "wiki", "wiki", "{092916B2-32C6-4ED9-A4EA-DF31D2F91A8F}"
	ProjectSection(SolutionItems) = preProject
		wiki\Application-Architecture.csv = wiki\Application-Architecture.csv
		wiki\Application-Architecture.md = wiki\Application-Architecture.md
		wiki\Application-Architecture.svg = wiki\Application-Architecture.svg
		wiki\Bot-Fontend.md = wiki\Bot-Fontend.md
		wiki\Contributor's-Guidelines.md = wiki\Contributor's-Guidelines.md
		wiki\Data-Access-Modeling.md = wiki\Data-Access-Modeling.md
		wiki\Data-Modeling.md = wiki\Data-Modeling.md
		wiki\Data-Storage.md = wiki\Data-Storage.md
		wiki\Developers.md = wiki\Developers.md
		wiki\Home.md = wiki\Home.md
		wiki\Host-Process.md = wiki\Host-Process.md
		wiki\How-to-contribute.md = wiki\How-to-contribute.md
		wiki\Modix-Startup.md = wiki\Modix-Startup.md
		wiki\Orchestration-(Docker).md = wiki\Orchestration-(Docker).md
		wiki\Testing.md = wiki\Testing.md
		wiki\Web-API.md = wiki\Web-API.md
		wiki\Web-Frontend.md = wiki\Web-Frontend.md
		wiki\_Footer.md = wiki\_Footer.md
		wiki\_Sidebar.md = wiki\_Sidebar.md
	EndProjectSection
EndProject
Project("{9A19103F-16F7-4668-BE54-9A1E7A4F7556}") = "Modix.Analyzers", "src\Modix.Analyzers\Modix.Analyzers.csproj", "{6009AEDD-BE3B-40BF-B9C4-4C3796F58609}"
EndProject
Project("{9A19103F-16F7-4668-BE54-9A1E7A4F7556}") = "Modix.Analyzers.Test", "test\Modix.Analyzers.Test\Modix.Analyzers.Test.csproj", "{9A28A475-067B-4CBD-94BC-CA31C0D1555A}"
EndProject
Project("{9A19103F-16F7-4668-BE54-9A1E7A4F7556}") = "Modix.Web", "src\Modix.Web\Modix.Web.csproj", "{2280A9D0-358E-4668-8855-6832725C740A}"
EndProject
Project("{2150E333-8FDC-42A3-9474-1A3956D46DE8}") = "test", "test", "{E74ADFBD-55F3-4E28-885B-2270670294EF}"
EndProject
Global
	GlobalSection(SolutionConfigurationPlatforms) = preSolution
		Debug|Any CPU = Debug|Any CPU
		Debug|x64 = Debug|x64
		Debug|x86 = Debug|x86
		Release|Any CPU = Release|Any CPU
		Release|x64 = Release|x64
		Release|x86 = Release|x86
	EndGlobalSection
	GlobalSection(ProjectConfigurationPlatforms) = postSolution
		{9BBC702D-F919-4482-BF6C-0FC8EA2740C4}.Debug|Any CPU.ActiveCfg = Debug|Any CPU
		{9BBC702D-F919-4482-BF6C-0FC8EA2740C4}.Debug|Any CPU.Build.0 = Debug|Any CPU
		{9BBC702D-F919-4482-BF6C-0FC8EA2740C4}.Debug|x64.ActiveCfg = Debug|Any CPU
		{9BBC702D-F919-4482-BF6C-0FC8EA2740C4}.Debug|x64.Build.0 = Debug|Any CPU
		{9BBC702D-F919-4482-BF6C-0FC8EA2740C4}.Debug|x86.ActiveCfg = Debug|Any CPU
		{9BBC702D-F919-4482-BF6C-0FC8EA2740C4}.Debug|x86.Build.0 = Debug|Any CPU
		{9BBC702D-F919-4482-BF6C-0FC8EA2740C4}.Release|Any CPU.ActiveCfg = Release|Any CPU
		{9BBC702D-F919-4482-BF6C-0FC8EA2740C4}.Release|Any CPU.Build.0 = Release|Any CPU
		{9BBC702D-F919-4482-BF6C-0FC8EA2740C4}.Release|x64.ActiveCfg = Release|Any CPU
		{9BBC702D-F919-4482-BF6C-0FC8EA2740C4}.Release|x64.Build.0 = Release|Any CPU
		{9BBC702D-F919-4482-BF6C-0FC8EA2740C4}.Release|x86.ActiveCfg = Release|Any CPU
		{9BBC702D-F919-4482-BF6C-0FC8EA2740C4}.Release|x86.Build.0 = Release|Any CPU
		{7DE6DD27-4450-4FA5-8C93-40709FBD8870}.Debug|Any CPU.ActiveCfg = Debug|Any CPU
		{7DE6DD27-4450-4FA5-8C93-40709FBD8870}.Debug|Any CPU.Build.0 = Debug|Any CPU
		{7DE6DD27-4450-4FA5-8C93-40709FBD8870}.Debug|x64.ActiveCfg = Debug|Any CPU
		{7DE6DD27-4450-4FA5-8C93-40709FBD8870}.Debug|x64.Build.0 = Debug|Any CPU
		{7DE6DD27-4450-4FA5-8C93-40709FBD8870}.Debug|x86.ActiveCfg = Debug|Any CPU
		{7DE6DD27-4450-4FA5-8C93-40709FBD8870}.Debug|x86.Build.0 = Debug|Any CPU
		{7DE6DD27-4450-4FA5-8C93-40709FBD8870}.Release|Any CPU.ActiveCfg = Release|Any CPU
		{7DE6DD27-4450-4FA5-8C93-40709FBD8870}.Release|Any CPU.Build.0 = Release|Any CPU
		{7DE6DD27-4450-4FA5-8C93-40709FBD8870}.Release|x64.ActiveCfg = Release|Any CPU
		{7DE6DD27-4450-4FA5-8C93-40709FBD8870}.Release|x64.Build.0 = Release|Any CPU
		{7DE6DD27-4450-4FA5-8C93-40709FBD8870}.Release|x86.ActiveCfg = Release|Any CPU
		{7DE6DD27-4450-4FA5-8C93-40709FBD8870}.Release|x86.Build.0 = Release|Any CPU
		{2FC1AE5D-D71E-4DBF-839C-0A7761032064}.Debug|Any CPU.ActiveCfg = Debug|Any CPU
		{2FC1AE5D-D71E-4DBF-839C-0A7761032064}.Debug|Any CPU.Build.0 = Debug|Any CPU
		{2FC1AE5D-D71E-4DBF-839C-0A7761032064}.Debug|x64.ActiveCfg = Debug|Any CPU
		{2FC1AE5D-D71E-4DBF-839C-0A7761032064}.Debug|x64.Build.0 = Debug|Any CPU
		{2FC1AE5D-D71E-4DBF-839C-0A7761032064}.Debug|x86.ActiveCfg = Debug|Any CPU
		{2FC1AE5D-D71E-4DBF-839C-0A7761032064}.Debug|x86.Build.0 = Debug|Any CPU
		{2FC1AE5D-D71E-4DBF-839C-0A7761032064}.Release|Any CPU.ActiveCfg = Release|Any CPU
		{2FC1AE5D-D71E-4DBF-839C-0A7761032064}.Release|Any CPU.Build.0 = Release|Any CPU
		{2FC1AE5D-D71E-4DBF-839C-0A7761032064}.Release|x64.ActiveCfg = Release|Any CPU
		{2FC1AE5D-D71E-4DBF-839C-0A7761032064}.Release|x64.Build.0 = Release|Any CPU
		{2FC1AE5D-D71E-4DBF-839C-0A7761032064}.Release|x86.ActiveCfg = Release|Any CPU
		{2FC1AE5D-D71E-4DBF-839C-0A7761032064}.Release|x86.Build.0 = Release|Any CPU
		{E8C7267F-5BC3-4A13-B5EF-60DC1B0E919F}.Debug|Any CPU.ActiveCfg = Debug|Any CPU
		{E8C7267F-5BC3-4A13-B5EF-60DC1B0E919F}.Debug|Any CPU.Build.0 = Debug|Any CPU
		{E8C7267F-5BC3-4A13-B5EF-60DC1B0E919F}.Debug|x64.ActiveCfg = Release|Any CPU
		{E8C7267F-5BC3-4A13-B5EF-60DC1B0E919F}.Debug|x64.Build.0 = Release|Any CPU
		{E8C7267F-5BC3-4A13-B5EF-60DC1B0E919F}.Debug|x86.ActiveCfg = Release|Any CPU
		{E8C7267F-5BC3-4A13-B5EF-60DC1B0E919F}.Debug|x86.Build.0 = Release|Any CPU
		{E8C7267F-5BC3-4A13-B5EF-60DC1B0E919F}.Release|Any CPU.ActiveCfg = Release|Any CPU
		{E8C7267F-5BC3-4A13-B5EF-60DC1B0E919F}.Release|Any CPU.Build.0 = Release|Any CPU
		{E8C7267F-5BC3-4A13-B5EF-60DC1B0E919F}.Release|x64.ActiveCfg = Release|Any CPU
		{E8C7267F-5BC3-4A13-B5EF-60DC1B0E919F}.Release|x64.Build.0 = Release|Any CPU
		{E8C7267F-5BC3-4A13-B5EF-60DC1B0E919F}.Release|x86.ActiveCfg = Release|Any CPU
		{E8C7267F-5BC3-4A13-B5EF-60DC1B0E919F}.Release|x86.Build.0 = Release|Any CPU
		{C4BE4089-0983-464F-9D76-EE9BD2B708DD}.Debug|Any CPU.ActiveCfg = Debug|Any CPU
		{C4BE4089-0983-464F-9D76-EE9BD2B708DD}.Debug|Any CPU.Build.0 = Debug|Any CPU
		{C4BE4089-0983-464F-9D76-EE9BD2B708DD}.Debug|x64.ActiveCfg = Debug|Any CPU
		{C4BE4089-0983-464F-9D76-EE9BD2B708DD}.Debug|x64.Build.0 = Debug|Any CPU
		{C4BE4089-0983-464F-9D76-EE9BD2B708DD}.Debug|x86.ActiveCfg = Debug|Any CPU
		{C4BE4089-0983-464F-9D76-EE9BD2B708DD}.Debug|x86.Build.0 = Debug|Any CPU
		{C4BE4089-0983-464F-9D76-EE9BD2B708DD}.Release|Any CPU.ActiveCfg = Release|Any CPU
		{C4BE4089-0983-464F-9D76-EE9BD2B708DD}.Release|Any CPU.Build.0 = Release|Any CPU
		{C4BE4089-0983-464F-9D76-EE9BD2B708DD}.Release|x64.ActiveCfg = Release|Any CPU
		{C4BE4089-0983-464F-9D76-EE9BD2B708DD}.Release|x64.Build.0 = Release|Any CPU
		{C4BE4089-0983-464F-9D76-EE9BD2B708DD}.Release|x86.ActiveCfg = Release|Any CPU
		{C4BE4089-0983-464F-9D76-EE9BD2B708DD}.Release|x86.Build.0 = Release|Any CPU
		{D9BFC7C7-10B2-4D61-99EA-79805074CCD7}.Debug|Any CPU.ActiveCfg = Debug|Any CPU
		{D9BFC7C7-10B2-4D61-99EA-79805074CCD7}.Debug|Any CPU.Build.0 = Debug|Any CPU
		{D9BFC7C7-10B2-4D61-99EA-79805074CCD7}.Debug|x64.ActiveCfg = Debug|Any CPU
		{D9BFC7C7-10B2-4D61-99EA-79805074CCD7}.Debug|x64.Build.0 = Debug|Any CPU
		{D9BFC7C7-10B2-4D61-99EA-79805074CCD7}.Debug|x86.ActiveCfg = Debug|Any CPU
		{D9BFC7C7-10B2-4D61-99EA-79805074CCD7}.Debug|x86.Build.0 = Debug|Any CPU
		{D9BFC7C7-10B2-4D61-99EA-79805074CCD7}.Release|Any CPU.ActiveCfg = Release|Any CPU
		{D9BFC7C7-10B2-4D61-99EA-79805074CCD7}.Release|Any CPU.Build.0 = Release|Any CPU
		{D9BFC7C7-10B2-4D61-99EA-79805074CCD7}.Release|x64.ActiveCfg = Release|Any CPU
		{D9BFC7C7-10B2-4D61-99EA-79805074CCD7}.Release|x64.Build.0 = Release|Any CPU
		{D9BFC7C7-10B2-4D61-99EA-79805074CCD7}.Release|x86.ActiveCfg = Release|Any CPU
		{D9BFC7C7-10B2-4D61-99EA-79805074CCD7}.Release|x86.Build.0 = Release|Any CPU
		{575B80E6-56E5-4E9A-94EE-ADEB3A1A9FC0}.Debug|Any CPU.ActiveCfg = Debug|Any CPU
		{575B80E6-56E5-4E9A-94EE-ADEB3A1A9FC0}.Debug|Any CPU.Build.0 = Debug|Any CPU
		{575B80E6-56E5-4E9A-94EE-ADEB3A1A9FC0}.Debug|x64.ActiveCfg = Debug|Any CPU
		{575B80E6-56E5-4E9A-94EE-ADEB3A1A9FC0}.Debug|x64.Build.0 = Debug|Any CPU
		{575B80E6-56E5-4E9A-94EE-ADEB3A1A9FC0}.Debug|x86.ActiveCfg = Debug|Any CPU
		{575B80E6-56E5-4E9A-94EE-ADEB3A1A9FC0}.Debug|x86.Build.0 = Debug|Any CPU
		{575B80E6-56E5-4E9A-94EE-ADEB3A1A9FC0}.Release|Any CPU.ActiveCfg = Release|Any CPU
		{575B80E6-56E5-4E9A-94EE-ADEB3A1A9FC0}.Release|Any CPU.Build.0 = Release|Any CPU
		{575B80E6-56E5-4E9A-94EE-ADEB3A1A9FC0}.Release|x64.ActiveCfg = Release|Any CPU
		{575B80E6-56E5-4E9A-94EE-ADEB3A1A9FC0}.Release|x64.Build.0 = Release|Any CPU
		{575B80E6-56E5-4E9A-94EE-ADEB3A1A9FC0}.Release|x86.ActiveCfg = Release|Any CPU
		{575B80E6-56E5-4E9A-94EE-ADEB3A1A9FC0}.Release|x86.Build.0 = Release|Any CPU
		{4F9BDC85-B8B2-4AC5-99BC-1F2F0CF80016}.Debug|Any CPU.ActiveCfg = Debug|Any CPU
		{4F9BDC85-B8B2-4AC5-99BC-1F2F0CF80016}.Debug|Any CPU.Build.0 = Debug|Any CPU
		{4F9BDC85-B8B2-4AC5-99BC-1F2F0CF80016}.Debug|x64.ActiveCfg = Debug|Any CPU
		{4F9BDC85-B8B2-4AC5-99BC-1F2F0CF80016}.Debug|x64.Build.0 = Debug|Any CPU
		{4F9BDC85-B8B2-4AC5-99BC-1F2F0CF80016}.Debug|x86.ActiveCfg = Debug|Any CPU
		{4F9BDC85-B8B2-4AC5-99BC-1F2F0CF80016}.Debug|x86.Build.0 = Debug|Any CPU
		{4F9BDC85-B8B2-4AC5-99BC-1F2F0CF80016}.Release|Any CPU.ActiveCfg = Release|Any CPU
		{4F9BDC85-B8B2-4AC5-99BC-1F2F0CF80016}.Release|Any CPU.Build.0 = Release|Any CPU
		{4F9BDC85-B8B2-4AC5-99BC-1F2F0CF80016}.Release|x64.ActiveCfg = Release|Any CPU
		{4F9BDC85-B8B2-4AC5-99BC-1F2F0CF80016}.Release|x64.Build.0 = Release|Any CPU
		{4F9BDC85-B8B2-4AC5-99BC-1F2F0CF80016}.Release|x86.ActiveCfg = Release|Any CPU
		{4F9BDC85-B8B2-4AC5-99BC-1F2F0CF80016}.Release|x86.Build.0 = Release|Any CPU
		{E9D29AA9-1B7D-4A90-839A-2E8665A8714F}.Debug|Any CPU.ActiveCfg = Debug|Any CPU
		{E9D29AA9-1B7D-4A90-839A-2E8665A8714F}.Debug|Any CPU.Build.0 = Debug|Any CPU
		{E9D29AA9-1B7D-4A90-839A-2E8665A8714F}.Debug|x64.ActiveCfg = Debug|Any CPU
		{E9D29AA9-1B7D-4A90-839A-2E8665A8714F}.Debug|x64.Build.0 = Debug|Any CPU
		{E9D29AA9-1B7D-4A90-839A-2E8665A8714F}.Debug|x86.ActiveCfg = Debug|Any CPU
		{E9D29AA9-1B7D-4A90-839A-2E8665A8714F}.Debug|x86.Build.0 = Debug|Any CPU
		{E9D29AA9-1B7D-4A90-839A-2E8665A8714F}.Release|Any CPU.ActiveCfg = Release|Any CPU
		{E9D29AA9-1B7D-4A90-839A-2E8665A8714F}.Release|Any CPU.Build.0 = Release|Any CPU
		{E9D29AA9-1B7D-4A90-839A-2E8665A8714F}.Release|x64.ActiveCfg = Release|Any CPU
		{E9D29AA9-1B7D-4A90-839A-2E8665A8714F}.Release|x64.Build.0 = Release|Any CPU
		{E9D29AA9-1B7D-4A90-839A-2E8665A8714F}.Release|x86.ActiveCfg = Release|Any CPU
		{E9D29AA9-1B7D-4A90-839A-2E8665A8714F}.Release|x86.Build.0 = Release|Any CPU
		{6009AEDD-BE3B-40BF-B9C4-4C3796F58609}.Debug|Any CPU.ActiveCfg = Debug|Any CPU
		{6009AEDD-BE3B-40BF-B9C4-4C3796F58609}.Debug|Any CPU.Build.0 = Debug|Any CPU
		{6009AEDD-BE3B-40BF-B9C4-4C3796F58609}.Debug|x64.ActiveCfg = Debug|Any CPU
		{6009AEDD-BE3B-40BF-B9C4-4C3796F58609}.Debug|x64.Build.0 = Debug|Any CPU
		{6009AEDD-BE3B-40BF-B9C4-4C3796F58609}.Debug|x86.ActiveCfg = Debug|Any CPU
		{6009AEDD-BE3B-40BF-B9C4-4C3796F58609}.Debug|x86.Build.0 = Debug|Any CPU
		{6009AEDD-BE3B-40BF-B9C4-4C3796F58609}.Release|Any CPU.ActiveCfg = Release|Any CPU
		{6009AEDD-BE3B-40BF-B9C4-4C3796F58609}.Release|Any CPU.Build.0 = Release|Any CPU
		{6009AEDD-BE3B-40BF-B9C4-4C3796F58609}.Release|x64.ActiveCfg = Release|Any CPU
		{6009AEDD-BE3B-40BF-B9C4-4C3796F58609}.Release|x64.Build.0 = Release|Any CPU
		{6009AEDD-BE3B-40BF-B9C4-4C3796F58609}.Release|x86.ActiveCfg = Release|Any CPU
		{6009AEDD-BE3B-40BF-B9C4-4C3796F58609}.Release|x86.Build.0 = Release|Any CPU
		{9A28A475-067B-4CBD-94BC-CA31C0D1555A}.Debug|Any CPU.ActiveCfg = Debug|Any CPU
		{9A28A475-067B-4CBD-94BC-CA31C0D1555A}.Debug|Any CPU.Build.0 = Debug|Any CPU
		{9A28A475-067B-4CBD-94BC-CA31C0D1555A}.Debug|x64.ActiveCfg = Debug|Any CPU
		{9A28A475-067B-4CBD-94BC-CA31C0D1555A}.Debug|x64.Build.0 = Debug|Any CPU
		{9A28A475-067B-4CBD-94BC-CA31C0D1555A}.Debug|x86.ActiveCfg = Debug|Any CPU
		{9A28A475-067B-4CBD-94BC-CA31C0D1555A}.Debug|x86.Build.0 = Debug|Any CPU
		{9A28A475-067B-4CBD-94BC-CA31C0D1555A}.Release|Any CPU.ActiveCfg = Release|Any CPU
		{9A28A475-067B-4CBD-94BC-CA31C0D1555A}.Release|Any CPU.Build.0 = Release|Any CPU
		{9A28A475-067B-4CBD-94BC-CA31C0D1555A}.Release|x64.ActiveCfg = Release|Any CPU
		{9A28A475-067B-4CBD-94BC-CA31C0D1555A}.Release|x64.Build.0 = Release|Any CPU
		{9A28A475-067B-4CBD-94BC-CA31C0D1555A}.Release|x86.ActiveCfg = Release|Any CPU
		{9A28A475-067B-4CBD-94BC-CA31C0D1555A}.Release|x86.Build.0 = Release|Any CPU
		{2280A9D0-358E-4668-8855-6832725C740A}.Debug|Any CPU.ActiveCfg = Debug|Any CPU
		{2280A9D0-358E-4668-8855-6832725C740A}.Debug|Any CPU.Build.0 = Debug|Any CPU
		{2280A9D0-358E-4668-8855-6832725C740A}.Debug|x64.ActiveCfg = Debug|Any CPU
		{2280A9D0-358E-4668-8855-6832725C740A}.Debug|x64.Build.0 = Debug|Any CPU
		{2280A9D0-358E-4668-8855-6832725C740A}.Debug|x86.ActiveCfg = Debug|Any CPU
		{2280A9D0-358E-4668-8855-6832725C740A}.Debug|x86.Build.0 = Debug|Any CPU
		{2280A9D0-358E-4668-8855-6832725C740A}.Release|Any CPU.ActiveCfg = Release|Any CPU
		{2280A9D0-358E-4668-8855-6832725C740A}.Release|Any CPU.Build.0 = Release|Any CPU
		{2280A9D0-358E-4668-8855-6832725C740A}.Release|x64.ActiveCfg = Release|Any CPU
		{2280A9D0-358E-4668-8855-6832725C740A}.Release|x64.Build.0 = Release|Any CPU
		{2280A9D0-358E-4668-8855-6832725C740A}.Release|x86.ActiveCfg = Release|Any CPU
		{2280A9D0-358E-4668-8855-6832725C740A}.Release|x86.Build.0 = Release|Any CPU
	EndGlobalSection
	GlobalSection(SolutionProperties) = preSolution
		HideSolutionNode = FALSE
	EndGlobalSection
	GlobalSection(NestedProjects) = preSolution
		{092916B2-32C6-4ED9-A4EA-DF31D2F91A8F} = {23DA774D-7AE9-48C1-A261-F27D15A07858}
		{9A28A475-067B-4CBD-94BC-CA31C0D1555A} = {E74ADFBD-55F3-4E28-885B-2270670294EF}
		{4F9BDC85-B8B2-4AC5-99BC-1F2F0CF80016} = {E74ADFBD-55F3-4E28-885B-2270670294EF}
		{D9BFC7C7-10B2-4D61-99EA-79805074CCD7} = {E74ADFBD-55F3-4E28-885B-2270670294EF}
		{E9D29AA9-1B7D-4A90-839A-2E8665A8714F} = {E74ADFBD-55F3-4E28-885B-2270670294EF}
		{E8C7267F-5BC3-4A13-B5EF-60DC1B0E919F} = {E74ADFBD-55F3-4E28-885B-2270670294EF}
	EndGlobalSection
	GlobalSection(ExtensibilityGlobals) = postSolution
		SolutionGuid = {36BDDB86-FBAB-45BF-AA22-DD4509504772}
	EndGlobalSection
EndGlobal
