
Microsoft Visual Studio Solution File, Format Version 12.00
# Visual Studio 15
VisualStudioVersion = 15.0.26430.16
MinimumVisualStudioVersion = 10.0.40219.1
Project("{9A19103F-16F7-4668-BE54-9A1E7A4F7556}") = "Modix", "Modix\Modix.csproj", "{9BBC702D-F919-4482-BF6C-0FC8EA2740C4}"
EndProject
Project("{9A19103F-16F7-4668-BE54-9A1E7A4F7556}") = "Modix.Data", "Modix.Data\Modix.Data.csproj", "{7DE6DD27-4450-4FA5-8C93-40709FBD8870}"
EndProject
Project("{E53339B2-1760-4266-BCC7-CA923CBCF16C}") = "docker-compose", "docker-compose.dcproj", "{330066AF-9FDC-447E-A8FC-3556E011EC5B}"
EndProject
Project("{2150E333-8FDC-42A3-9474-1A3956D46DE8}") = "CI", "CI", "{0CE9D7E4-9B35-4900-B844-0D06FEEC5957}"
	ProjectSection(SolutionItems) = preProject
		appveyor.yml = appveyor.yml
		before-deploy.ps1 = before-deploy.ps1
	EndProjectSection
EndProject
Project("{9A19103F-16F7-4668-BE54-9A1E7A4F7556}") = "Modix.WebServer", "Modix.WebServer\Modix.WebServer.csproj", "{E5800D5F-CA78-4035-AC61-50690F7A8F00}"
EndProject
Project("{9A19103F-16F7-4668-BE54-9A1E7A4F7556}") = "Modix.Services", "Modix.Services\Modix.Services.csproj", "{2FC1AE5D-D71E-4DBF-839C-0A7761032064}"
EndProject
Project("{FAE04EC0-301F-11D3-BF4B-00C04F79EFBC}") = "Modix.Data.Test", "Modix.Data.Test\Modix.Data.Test.csproj", "{E8C7267F-5BC3-4A13-B5EF-60DC1B0E919F}"
	ProjectSection(ProjectDependencies) = postProject
		{7DE6DD27-4450-4FA5-8C93-40709FBD8870} = {7DE6DD27-4450-4FA5-8C93-40709FBD8870}
	EndProjectSection
EndProject
Global
	GlobalSection(SolutionConfigurationPlatforms) = preSolution
		Debug|Any CPU = Debug|Any CPU
		Debug|x64 = Debug|x64
		Debug|x86 = Debug|x86
		Release|Any CPU = Release|Any CPU
		Release|x64 = Release|x64
		Release|x86 = Release|x86
	EndGlobalSection
	GlobalSection(ProjectConfigurationPlatforms) = postSolution
		{9BBC702D-F919-4482-BF6C-0FC8EA2740C4}.Debug|Any CPU.ActiveCfg = Debug|Any CPU
		{9BBC702D-F919-4482-BF6C-0FC8EA2740C4}.Debug|Any CPU.Build.0 = Debug|Any CPU
		{9BBC702D-F919-4482-BF6C-0FC8EA2740C4}.Debug|x64.ActiveCfg = Debug|Any CPU
		{9BBC702D-F919-4482-BF6C-0FC8EA2740C4}.Debug|x64.Build.0 = Debug|Any CPU
		{9BBC702D-F919-4482-BF6C-0FC8EA2740C4}.Debug|x86.ActiveCfg = Debug|Any CPU
		{9BBC702D-F919-4482-BF6C-0FC8EA2740C4}.Debug|x86.Build.0 = Debug|Any CPU
		{9BBC702D-F919-4482-BF6C-0FC8EA2740C4}.Release|Any CPU.ActiveCfg = Release|Any CPU
		{9BBC702D-F919-4482-BF6C-0FC8EA2740C4}.Release|Any CPU.Build.0 = Release|Any CPU
		{9BBC702D-F919-4482-BF6C-0FC8EA2740C4}.Release|x64.ActiveCfg = Release|Any CPU
		{9BBC702D-F919-4482-BF6C-0FC8EA2740C4}.Release|x64.Build.0 = Release|Any CPU
		{9BBC702D-F919-4482-BF6C-0FC8EA2740C4}.Release|x86.ActiveCfg = Release|Any CPU
		{9BBC702D-F919-4482-BF6C-0FC8EA2740C4}.Release|x86.Build.0 = Release|Any CPU
		{7DE6DD27-4450-4FA5-8C93-40709FBD8870}.Debug|Any CPU.ActiveCfg = Debug|Any CPU
		{7DE6DD27-4450-4FA5-8C93-40709FBD8870}.Debug|Any CPU.Build.0 = Debug|Any CPU
		{7DE6DD27-4450-4FA5-8C93-40709FBD8870}.Debug|x64.ActiveCfg = Debug|Any CPU
		{7DE6DD27-4450-4FA5-8C93-40709FBD8870}.Debug|x64.Build.0 = Debug|Any CPU
		{7DE6DD27-4450-4FA5-8C93-40709FBD8870}.Debug|x86.ActiveCfg = Debug|Any CPU
		{7DE6DD27-4450-4FA5-8C93-40709FBD8870}.Debug|x86.Build.0 = Debug|Any CPU
		{7DE6DD27-4450-4FA5-8C93-40709FBD8870}.Release|Any CPU.ActiveCfg = Release|Any CPU
		{7DE6DD27-4450-4FA5-8C93-40709FBD8870}.Release|Any CPU.Build.0 = Release|Any CPU
		{7DE6DD27-4450-4FA5-8C93-40709FBD8870}.Release|x64.ActiveCfg = Release|Any CPU
		{7DE6DD27-4450-4FA5-8C93-40709FBD8870}.Release|x64.Build.0 = Release|Any CPU
		{7DE6DD27-4450-4FA5-8C93-40709FBD8870}.Release|x86.ActiveCfg = Release|Any CPU
		{7DE6DD27-4450-4FA5-8C93-40709FBD8870}.Release|x86.Build.0 = Release|Any CPU
		{330066AF-9FDC-447E-A8FC-3556E011EC5B}.Debug|Any CPU.ActiveCfg = Debug|Any CPU
		{330066AF-9FDC-447E-A8FC-3556E011EC5B}.Debug|Any CPU.Build.0 = Debug|Any CPU
		{330066AF-9FDC-447E-A8FC-3556E011EC5B}.Debug|x64.ActiveCfg = Debug|Any CPU
		{330066AF-9FDC-447E-A8FC-3556E011EC5B}.Debug|x64.Build.0 = Debug|Any CPU
		{330066AF-9FDC-447E-A8FC-3556E011EC5B}.Debug|x86.ActiveCfg = Debug|Any CPU
		{330066AF-9FDC-447E-A8FC-3556E011EC5B}.Debug|x86.Build.0 = Debug|Any CPU
		{330066AF-9FDC-447E-A8FC-3556E011EC5B}.Release|Any CPU.ActiveCfg = Release|Any CPU
		{330066AF-9FDC-447E-A8FC-3556E011EC5B}.Release|Any CPU.Build.0 = Release|Any CPU
		{330066AF-9FDC-447E-A8FC-3556E011EC5B}.Release|x64.ActiveCfg = Release|Any CPU
		{330066AF-9FDC-447E-A8FC-3556E011EC5B}.Release|x64.Build.0 = Release|Any CPU
		{330066AF-9FDC-447E-A8FC-3556E011EC5B}.Release|x86.ActiveCfg = Release|Any CPU
		{330066AF-9FDC-447E-A8FC-3556E011EC5B}.Release|x86.Build.0 = Release|Any CPU
		{E5800D5F-CA78-4035-AC61-50690F7A8F00}.Debug|Any CPU.ActiveCfg = Debug|Any CPU
		{E5800D5F-CA78-4035-AC61-50690F7A8F00}.Debug|Any CPU.Build.0 = Debug|Any CPU
		{E5800D5F-CA78-4035-AC61-50690F7A8F00}.Debug|x64.ActiveCfg = Debug|Any CPU
		{E5800D5F-CA78-4035-AC61-50690F7A8F00}.Debug|x64.Build.0 = Debug|Any CPU
		{E5800D5F-CA78-4035-AC61-50690F7A8F00}.Debug|x86.ActiveCfg = Debug|Any CPU
		{E5800D5F-CA78-4035-AC61-50690F7A8F00}.Debug|x86.Build.0 = Debug|Any CPU
		{E5800D5F-CA78-4035-AC61-50690F7A8F00}.Release|Any CPU.ActiveCfg = Release|Any CPU
		{E5800D5F-CA78-4035-AC61-50690F7A8F00}.Release|Any CPU.Build.0 = Release|Any CPU
		{E5800D5F-CA78-4035-AC61-50690F7A8F00}.Release|x64.ActiveCfg = Release|Any CPU
		{E5800D5F-CA78-4035-AC61-50690F7A8F00}.Release|x64.Build.0 = Release|Any CPU
		{E5800D5F-CA78-4035-AC61-50690F7A8F00}.Release|x86.ActiveCfg = Release|Any CPU
		{E5800D5F-CA78-4035-AC61-50690F7A8F00}.Release|x86.Build.0 = Release|Any CPU
		{2FC1AE5D-D71E-4DBF-839C-0A7761032064}.Debug|Any CPU.ActiveCfg = Debug|Any CPU
		{2FC1AE5D-D71E-4DBF-839C-0A7761032064}.Debug|Any CPU.Build.0 = Debug|Any CPU
		{2FC1AE5D-D71E-4DBF-839C-0A7761032064}.Debug|x64.ActiveCfg = Debug|Any CPU
		{2FC1AE5D-D71E-4DBF-839C-0A7761032064}.Debug|x64.Build.0 = Debug|Any CPU
		{2FC1AE5D-D71E-4DBF-839C-0A7761032064}.Debug|x86.ActiveCfg = Debug|Any CPU
		{2FC1AE5D-D71E-4DBF-839C-0A7761032064}.Debug|x86.Build.0 = Debug|Any CPU
		{2FC1AE5D-D71E-4DBF-839C-0A7761032064}.Release|Any CPU.ActiveCfg = Release|Any CPU
		{2FC1AE5D-D71E-4DBF-839C-0A7761032064}.Release|Any CPU.Build.0 = Release|Any CPU
		{2FC1AE5D-D71E-4DBF-839C-0A7761032064}.Release|x64.ActiveCfg = Release|Any CPU
		{2FC1AE5D-D71E-4DBF-839C-0A7761032064}.Release|x64.Build.0 = Release|Any CPU
		{2FC1AE5D-D71E-4DBF-839C-0A7761032064}.Release|x86.ActiveCfg = Release|Any CPU
		{2FC1AE5D-D71E-4DBF-839C-0A7761032064}.Release|x86.Build.0 = Release|Any CPU
		{E8C7267F-5BC3-4A13-B5EF-60DC1B0E919F}.Debug|Any CPU.ActiveCfg = Debug|Any CPU
		{E8C7267F-5BC3-4A13-B5EF-60DC1B0E919F}.Debug|Any CPU.Build.0 = Debug|Any CPU
		{E8C7267F-5BC3-4A13-B5EF-60DC1B0E919F}.Debug|x64.ActiveCfg = Debug|Any CPU
		{E8C7267F-5BC3-4A13-B5EF-60DC1B0E919F}.Debug|x64.Build.0 = Debug|Any CPU
		{E8C7267F-5BC3-4A13-B5EF-60DC1B0E919F}.Debug|x86.ActiveCfg = Debug|Any CPU
		{E8C7267F-5BC3-4A13-B5EF-60DC1B0E919F}.Debug|x86.Build.0 = Debug|Any CPU
		{E8C7267F-5BC3-4A13-B5EF-60DC1B0E919F}.Release|Any CPU.ActiveCfg = Release|Any CPU
		{E8C7267F-5BC3-4A13-B5EF-60DC1B0E919F}.Release|Any CPU.Build.0 = Release|Any CPU
		{E8C7267F-5BC3-4A13-B5EF-60DC1B0E919F}.Release|x64.ActiveCfg = Release|Any CPU
		{E8C7267F-5BC3-4A13-B5EF-60DC1B0E919F}.Release|x64.Build.0 = Release|Any CPU
		{E8C7267F-5BC3-4A13-B5EF-60DC1B0E919F}.Release|x86.ActiveCfg = Release|Any CPU
		{E8C7267F-5BC3-4A13-B5EF-60DC1B0E919F}.Release|x86.Build.0 = Release|Any CPU
	EndGlobalSection
	GlobalSection(SolutionProperties) = preSolution
		HideSolutionNode = FALSE
	EndGlobalSection
	GlobalSection(ExtensibilityGlobals) = postSolution
		SolutionGuid = {36BDDB86-FBAB-45BF-AA22-DD4509504772}
	EndGlobalSection
EndGlobal
