
Microsoft Visual Studio Solution File, Format Version 12.00
# Visual Studio 15
VisualStudioVersion = 15.0.26430.16
MinimumVisualStudioVersion = 10.0.40219.1
Project("{9A19103F-16F7-4668-BE54-9A1E7A4F7556}") = "Modix.Bot", "Modix.Bot\Modix.Bot.csproj", "{9BBC702D-F919-4482-BF6C-0FC8EA2740C4}"
EndProject
Project("{9A19103F-16F7-4668-BE54-9A1E7A4F7556}") = "Modix.Data", "Modix.Data\Modix.Data.csproj", "{7DE6DD27-4450-4FA5-8C93-40709FBD8870}"
EndProject
Project("{9A19103F-16F7-4668-BE54-9A1E7A4F7556}") = "Modix.Services", "Modix.Services\Modix.Services.csproj", "{2FC1AE5D-D71E-4DBF-839C-0A7761032064}"
EndProject
Project("{9A19103F-16F7-4668-BE54-9A1E7A4F7556}") = "Modix.Data.Test", "Modix.Data.Test\Modix.Data.Test.csproj", "{E8C7267F-5BC3-4A13-B5EF-60DC1B0E919F}"
	ProjectSection(ProjectDependencies) = postProject
		{7DE6DD27-4450-4FA5-8C93-40709FBD8870} = {7DE6DD27-4450-4FA5-8C93-40709FBD8870}
	EndProjectSection
EndProject
Project("{2150E333-8FDC-42A3-9474-1A3956D46DE8}") = "Solution Items", "Solution Items", "{23DA774D-7AE9-48C1-A261-F27D15A07858}"
	ProjectSection(SolutionItems) = preProject
		global.json = global.json
		readme.md = readme.md
	EndProjectSection
EndProject
Project("{FAE04EC0-301F-11D3-BF4B-00C04F79EFBC}") = "Modix", "Modix\Modix.csproj", "{C4BE4089-0983-464F-9D76-EE9BD2B708DD}"
EndProject
Global
	GlobalSection(SolutionConfigurationPlatforms) = preSolution
		Debug|Any CPU = Debug|Any CPU
		Debug|x64 = Debug|x64
		Debug|x86 = Debug|x86
		Release|Any CPU = Release|Any CPU
		Release|x64 = Release|x64
		Release|x86 = Release|x86
	EndGlobalSection
	GlobalSection(ProjectConfigurationPlatforms) = postSolution
		{9BBC702D-F919-4482-BF6C-0FC8EA2740C4}.Debug|Any CPU.ActiveCfg = Debug|Any CPU
		{9BBC702D-F919-4482-BF6C-0FC8EA2740C4}.Debug|Any CPU.Build.0 = Debug|Any CPU
		{9BBC702D-F919-4482-BF6C-0FC8EA2740C4}.Debug|x64.ActiveCfg = Debug|Any CPU
		{9BBC702D-F919-4482-BF6C-0FC8EA2740C4}.Debug|x64.Build.0 = Debug|Any CPU
		{9BBC702D-F919-4482-BF6C-0FC8EA2740C4}.Debug|x86.ActiveCfg = Debug|Any CPU
		{9BBC702D-F919-4482-BF6C-0FC8EA2740C4}.Debug|x86.Build.0 = Debug|Any CPU
		{9BBC702D-F919-4482-BF6C-0FC8EA2740C4}.Release|Any CPU.ActiveCfg = Release|Any CPU
		{9BBC702D-F919-4482-BF6C-0FC8EA2740C4}.Release|Any CPU.Build.0 = Release|Any CPU
		{9BBC702D-F919-4482-BF6C-0FC8EA2740C4}.Release|x64.ActiveCfg = Release|Any CPU
		{9BBC702D-F919-4482-BF6C-0FC8EA2740C4}.Release|x64.Build.0 = Release|Any CPU
		{9BBC702D-F919-4482-BF6C-0FC8EA2740C4}.Release|x86.ActiveCfg = Release|Any CPU
		{9BBC702D-F919-4482-BF6C-0FC8EA2740C4}.Release|x86.Build.0 = Release|Any CPU
		{7DE6DD27-4450-4FA5-8C93-40709FBD8870}.Debug|Any CPU.ActiveCfg = Debug|Any CPU
		{7DE6DD27-4450-4FA5-8C93-40709FBD8870}.Debug|Any CPU.Build.0 = Debug|Any CPU
		{7DE6DD27-4450-4FA5-8C93-40709FBD8870}.Debug|x64.ActiveCfg = Debug|Any CPU
		{7DE6DD27-4450-4FA5-8C93-40709FBD8870}.Debug|x64.Build.0 = Debug|Any CPU
		{7DE6DD27-4450-4FA5-8C93-40709FBD8870}.Debug|x86.ActiveCfg = Debug|Any CPU
		{7DE6DD27-4450-4FA5-8C93-40709FBD8870}.Debug|x86.Build.0 = Debug|Any CPU
		{7DE6DD27-4450-4FA5-8C93-40709FBD8870}.Release|Any CPU.ActiveCfg = Release|Any CPU
		{7DE6DD27-4450-4FA5-8C93-40709FBD8870}.Release|Any CPU.Build.0 = Release|Any CPU
		{7DE6DD27-4450-4FA5-8C93-40709FBD8870}.Release|x64.ActiveCfg = Release|Any CPU
		{7DE6DD27-4450-4FA5-8C93-40709FBD8870}.Release|x64.Build.0 = Release|Any CPU
		{7DE6DD27-4450-4FA5-8C93-40709FBD8870}.Release|x86.ActiveCfg = Release|Any CPU
		{7DE6DD27-4450-4FA5-8C93-40709FBD8870}.Release|x86.Build.0 = Release|Any CPU
		{2FC1AE5D-D71E-4DBF-839C-0A7761032064}.Debug|Any CPU.ActiveCfg = Debug|Any CPU
		{2FC1AE5D-D71E-4DBF-839C-0A7761032064}.Debug|Any CPU.Build.0 = Debug|Any CPU
		{2FC1AE5D-D71E-4DBF-839C-0A7761032064}.Debug|x64.ActiveCfg = Debug|Any CPU
		{2FC1AE5D-D71E-4DBF-839C-0A7761032064}.Debug|x64.Build.0 = Debug|Any CPU
		{2FC1AE5D-D71E-4DBF-839C-0A7761032064}.Debug|x86.ActiveCfg = Debug|Any CPU
		{2FC1AE5D-D71E-4DBF-839C-0A7761032064}.Debug|x86.Build.0 = Debug|Any CPU
		{2FC1AE5D-D71E-4DBF-839C-0A7761032064}.Release|Any CPU.ActiveCfg = Release|Any CPU
		{2FC1AE5D-D71E-4DBF-839C-0A7761032064}.Release|Any CPU.Build.0 = Release|Any CPU
		{2FC1AE5D-D71E-4DBF-839C-0A7761032064}.Release|x64.ActiveCfg = Release|Any CPU
		{2FC1AE5D-D71E-4DBF-839C-0A7761032064}.Release|x64.Build.0 = Release|Any CPU
		{2FC1AE5D-D71E-4DBF-839C-0A7761032064}.Release|x86.ActiveCfg = Release|Any CPU
		{2FC1AE5D-D71E-4DBF-839C-0A7761032064}.Release|x86.Build.0 = Release|Any CPU
		{E8C7267F-5BC3-4A13-B5EF-60DC1B0E919F}.Debug|Any CPU.ActiveCfg = Release|Any CPU
		{E8C7267F-5BC3-4A13-B5EF-60DC1B0E919F}.Debug|Any CPU.Build.0 = Release|Any CPU
		{E8C7267F-5BC3-4A13-B5EF-60DC1B0E919F}.Debug|x64.ActiveCfg = Release|Any CPU
		{E8C7267F-5BC3-4A13-B5EF-60DC1B0E919F}.Debug|x64.Build.0 = Release|Any CPU
		{E8C7267F-5BC3-4A13-B5EF-60DC1B0E919F}.Debug|x86.ActiveCfg = Release|Any CPU
		{E8C7267F-5BC3-4A13-B5EF-60DC1B0E919F}.Debug|x86.Build.0 = Release|Any CPU
		{E8C7267F-5BC3-4A13-B5EF-60DC1B0E919F}.Release|Any CPU.ActiveCfg = Release|Any CPU
		{E8C7267F-5BC3-4A13-B5EF-60DC1B0E919F}.Release|x64.ActiveCfg = Release|Any CPU
		{E8C7267F-5BC3-4A13-B5EF-60DC1B0E919F}.Release|x64.Build.0 = Release|Any CPU
		{E8C7267F-5BC3-4A13-B5EF-60DC1B0E919F}.Release|x86.ActiveCfg = Release|Any CPU
		{E8C7267F-5BC3-4A13-B5EF-60DC1B0E919F}.Release|x86.Build.0 = Release|Any CPU
		{C4BE4089-0983-464F-9D76-EE9BD2B708DD}.Debug|Any CPU.ActiveCfg = Debug|Any CPU
		{C4BE4089-0983-464F-9D76-EE9BD2B708DD}.Debug|Any CPU.Build.0 = Debug|Any CPU
		{C4BE4089-0983-464F-9D76-EE9BD2B708DD}.Debug|x64.ActiveCfg = Debug|Any CPU
		{C4BE4089-0983-464F-9D76-EE9BD2B708DD}.Debug|x64.Build.0 = Debug|Any CPU
		{C4BE4089-0983-464F-9D76-EE9BD2B708DD}.Debug|x86.ActiveCfg = Debug|Any CPU
		{C4BE4089-0983-464F-9D76-EE9BD2B708DD}.Debug|x86.Build.0 = Debug|Any CPU
		{C4BE4089-0983-464F-9D76-EE9BD2B708DD}.Release|Any CPU.ActiveCfg = Release|Any CPU
		{C4BE4089-0983-464F-9D76-EE9BD2B708DD}.Release|Any CPU.Build.0 = Release|Any CPU
		{C4BE4089-0983-464F-9D76-EE9BD2B708DD}.Release|x64.ActiveCfg = Release|Any CPU
		{C4BE4089-0983-464F-9D76-EE9BD2B708DD}.Release|x64.Build.0 = Release|Any CPU
		{C4BE4089-0983-464F-9D76-EE9BD2B708DD}.Release|x86.ActiveCfg = Release|Any CPU
		{C4BE4089-0983-464F-9D76-EE9BD2B708DD}.Release|x86.Build.0 = Release|Any CPU
	EndGlobalSection
	GlobalSection(SolutionProperties) = preSolution
		HideSolutionNode = FALSE
	EndGlobalSection
	GlobalSection(ExtensibilityGlobals) = postSolution
		SolutionGuid = {36BDDB86-FBAB-45BF-AA22-DD4509504772}
	EndGlobalSection
EndGlobal
